{
  "name": "client",
  "lockfileVersion": 3,
  "requires": true,
  "packages": {
    "": {
      "dependencies": {
        "trackit-frontend": "file:.."
      }
    },
    "..": {
      "name": "trackit-frontend",
      "version": "0.1.0",
      "dependencies": {
        "@emotion/react": "^11.14.0",
        "@emotion/styled": "^11.14.0",
        "@mui/icons-material": "^7.0.2",
        "@mui/material": "^7.0.2",
        "@testing-library/dom": "^10.4.0",
        "@testing-library/jest-dom": "^6.6.3",
        "@testing-library/react": "^16.3.0",
        "@testing-library/user-event": "^13.5.0",
        "axios": "^1.9.0",
        "react": "^19.1.0",
        "react-beautiful-dnd": "^13.1.1",
        "react-dom": "^19.1.0",
        "react-router-dom": "^7.5.2",
        "react-scripts": "5.0.1",
        "react-toastify": "^11.0.5",
        "web-vitals": "^2.1.4"
      },
      "devDependencies": {
        "tailwindcss": "^4.1.4"
      }
    },
    "node_modules/trackit-frontend": {
      "resolved": "..",
      "link": true
    }
  }
}
